
Microsoft Visual Studio Solution File, Format Version 12.00
# Visual Studio Version 16
VisualStudioVersion = 16.0.31205.134
MinimumVisualStudioVersion = 10.0.40219.1
Project("{FAE04EC0-301F-11D3-BF4B-00C04F79EFBC}") = "Amit.Project", "Amit.Project\Amit.Project.csproj", "{A570D073-86B4-472E-8BB4-966B469187FC}"
EndProject
Project("{FAE04EC0-301F-11D3-BF4B-00C04F79EFBC}") = "Amit.Project.Mathematics", "Amit.Project.Mathematics\Amit.Project.Mathematics.csproj", "{0DEAD9D7-D9D3-443D-92FD-90805AB59B39}"
EndProject
Project("{FAE04EC0-301F-11D3-BF4B-00C04F79EFBC}") = "Amit.Project.ListOperations", "Amit.Project.ListOperations\Amit.Project.ListOperations.csproj", "{9CB147D5-7BF3-4CEB-A80F-0061F9315479}"
EndProject
Global
	GlobalSection(SolutionConfigurationPlatforms) = preSolution
		Debug|Any CPU = Debug|Any CPU
		Release|Any CPU = Release|Any CPU
	EndGlobalSection
	GlobalSection(ProjectConfigurationPlatforms) = postSolution
		{A570D073-86B4-472E-8BB4-966B469187FC}.Debug|Any CPU.ActiveCfg = Debug|Any CPU
		{A570D073-86B4-472E-8BB4-966B469187FC}.Debug|Any CPU.Build.0 = Debug|Any CPU
		{A570D073-86B4-472E-8BB4-966B469187FC}.Release|Any CPU.ActiveCfg = Release|Any CPU
		{A570D073-86B4-472E-8BB4-966B469187FC}.Release|Any CPU.Build.0 = Release|Any CPU
		{0DEAD9D7-D9D3-443D-92FD-90805AB59B39}.Debug|Any CPU.ActiveCfg = Debug|Any CPU
		{0DEAD9D7-D9D3-443D-92FD-90805AB59B39}.Debug|Any CPU.Build.0 = Debug|Any CPU
		{0DEAD9D7-D9D3-443D-92FD-90805AB59B39}.Release|Any CPU.ActiveCfg = Release|Any CPU
		{0DEAD9D7-D9D3-443D-92FD-90805AB59B39}.Release|Any CPU.Build.0 = Release|Any CPU
		{9CB147D5-7BF3-4CEB-A80F-0061F9315479}.Debug|Any CPU.ActiveCfg = Debug|Any CPU
		{9CB147D5-7BF3-4CEB-A80F-0061F9315479}.Debug|Any CPU.Build.0 = Debug|Any CPU
		{9CB147D5-7BF3-4CEB-A80F-0061F9315479}.Release|Any CPU.ActiveCfg = Release|Any CPU
		{9CB147D5-7BF3-4CEB-A80F-0061F9315479}.Release|Any CPU.Build.0 = Release|Any CPU
	EndGlobalSection
	GlobalSection(SolutionProperties) = preSolution
		HideSolutionNode = FALSE
	EndGlobalSection
	GlobalSection(ExtensibilityGlobals) = postSolution
		SolutionGuid = {1A380220-81DE-4DD9-8973-5DB5CB9DC8AA}
	EndGlobalSection
EndGlobal
